// !$*UTF8*$!
{
	archiveVersion = 1;
	classes = {
	};
	objectVersion = 70;
	objects = {

/* Begin PBXBuildFile section */
		2FAD9763203C412B000D30F8 /* config.xml in Resources */ = {isa = PBXBuildFile; fileRef = 2FAD9762203C412B000D30F8 /* config.xml */; };
		50379B232058CBB4000EE86E /* capacitor.config.json in Resources */ = {isa = PBXBuildFile; fileRef = 50379B222058CBB4000EE86E /* capacitor.config.json */; };
		504EC3081FED79650016851F /* AppDelegate.swift in Sources */ = {isa = PBXBuildFile; fileRef = 504EC3071FED79650016851F /* AppDelegate.swift */; };
		504EC30D1FED79650016851F /* Main.storyboard in Resources */ = {isa = PBXBuildFile; fileRef = 504EC30B1FED79650016851F /* Main.storyboard */; };
		504EC30F1FED79650016851F /* Assets.xcassets in Resources */ = {isa = PBXBuildFile; fileRef = 504EC30E1FED79650016851F /* Assets.xcassets */; };
		504EC3121FED79650016851F /* LaunchScreen.storyboard in Resources */ = {isa = PBXBuildFile; fileRef = 504EC3101FED79650016851F /* LaunchScreen.storyboard */; };
		50B271D11FEDC1A000F3C39B /* public in Resources */ = {isa = PBXBuildFile; fileRef = 50B271D01FEDC1A000F3C39B /* public */; };
		60161BCA2F32A652000E0392 /* App.storekit in Resources */ = {isa = PBXBuildFile; fileRef = 60161BC92F32A652000E0392 /* App.storekit */; };
		602528DE2F32944400158548 /* Pods_OneSignalNotificationServiceExtension.framework in Frameworks */ = {isa = PBXBuildFile; fileRef = 0062D744546A8584208B53C0 /* Pods_OneSignalNotificationServiceExtension.framework */; };
		602528DF2F32944400158548 /* Pods_OneSignalNotificationServiceExtension.framework in Embed Frameworks */ = {isa = PBXBuildFile; fileRef = 0062D744546A8584208B53C0 /* Pods_OneSignalNotificationServiceExtension.framework */; settings = {ATTRIBUTES = (CodeSignOnCopy, RemoveHeadersOnCopy, ); }; };
		6098583C2F32824A00E0B9F1 /* OneSignalNotificationServiceExtension.appex in Embed Foundation Extensions */ = {isa = PBXBuildFile; fileRef = 609858352F32824A00E0B9F1 /* OneSignalNotificationServiceExtension.appex */; settings = {ATTRIBUTES = (RemoveHeadersOnCopy, ); }; };
		751DFBE9AA4963751E6136D1 /* Pods_App.framework in Frameworks */ = {isa = PBXBuildFile; fileRef = D3C7BF965E5B7B46BF0230AD /* Pods_App.framework */; };
/* End PBXBuildFile section */

/* Begin PBXContainerItemProxy section */
		6098583A2F32824A00E0B9F1 /* PBXContainerItemProxy */ = {
			isa = PBXContainerItemProxy;
			containerPortal = 504EC2FC1FED79650016851F /* Project object */;
			proxyType = 1;
			remoteGlobalIDString = 609858342F32824A00E0B9F1;
			remoteInfo = OneSignalNotificationServiceExtension;
		};
/* End PBXContainerItemProxy section */

/* Begin PBXCopyFilesBuildPhase section */
		602528E02F32944500158548 /* Embed Frameworks */ = {
			isa = PBXCopyFilesBuildPhase;
			buildActionMask = 2147483647;
			dstPath = "";
			dstSubfolderSpec = 10;
			files = (
				602528DF2F32944400158548 /* Pods_OneSignalNotificationServiceExtension.framework in Embed Frameworks */,
			);
			name = "Embed Frameworks";
			runOnlyForDeploymentPostprocessing = 0;
		};
		6098583D2F32824A00E0B9F1 /* Embed Foundation Extensions */ = {
			isa = PBXCopyFilesBuildPhase;
			buildActionMask = 2147483647;
			dstPath = "";
			dstSubfolderSpec = 13;
			files = (
				6098583C2F32824A00E0B9F1 /* OneSignalNotificationServiceExtension.appex in Embed Foundation Extensions */,
			);
			name = "Embed Foundation Extensions";
			runOnlyForDeploymentPostprocessing = 0;
		};
/* End PBXCopyFilesBuildPhase section */

/* Begin PBXFileReference section */
		0062D744546A8584208B53C0 /* Pods_OneSignalNotificationServiceExtension.framework */ = {isa = PBXFileReference; explicitFileType = wrapper.framework; includeInIndex = 0; path = Pods_OneSignalNotificationServiceExtension.framework; sourceTree = BUILT_PRODUCTS_DIR; };
		2FAD9762203C412B000D30F8 /* config.xml */ = {isa = PBXFileReference; lastKnownFileType = text.xml; path = config.xml; sourceTree = "<group>"; };
		50379B222058CBB4000EE86E /* capacitor.config.json */ = {isa = PBXFileReference; fileEncoding = 4; lastKnownFileType = text.json; path = capacitor.config.json; sourceTree = "<group>"; };
		504EC3041FED79650016851F /* App.app */ = {isa = PBXFileReference; explicitFileType = wrapper.application; includeInIndex = 0; path = App.app; sourceTree = BUILT_PRODUCTS_DIR; };
		504EC3071FED79650016851F /* AppDelegate.swift */ = {isa = PBXFileReference; lastKnownFileType = sourcecode.swift; path = AppDelegate.swift; sourceTree = "<group>"; };
		504EC30C1FED79650016851F /* Base */ = {isa = PBXFileReference; lastKnownFileType = file.storyboard; name = Base; path = Base.lproj/Main.storyboard; sourceTree = "<group>"; };
		504EC30E1FED79650016851F /* Assets.xcassets */ = {isa = PBXFileReference; lastKnownFileType = folder.assetcatalog; path = Assets.xcassets; sourceTree = "<group>"; };
		504EC3111FED79650016851F /* Base */ = {isa = PBXFileReference; lastKnownFileType = file.storyboard; name = Base; path = Base.lproj/LaunchScreen.storyboard; sourceTree = "<group>"; };
		504EC3131FED79650016851F /* Info.plist */ = {isa = PBXFileReference; lastKnownFileType = text.plist.xml; path = Info.plist; sourceTree = "<group>"; };
		50B271D01FEDC1A000F3C39B /* public */ = {isa = PBXFileReference; lastKnownFileType = folder; path = public; sourceTree = "<group>"; };
		5188BED51B517D7AEAB6A305 /* Pods-App.release.xcconfig */ = {isa = PBXFileReference; includeInIndex = 1; lastKnownFileType = text.xcconfig; name = "Pods-App.release.xcconfig"; path = "Target Support Files/Pods-App/Pods-App.release.xcconfig"; sourceTree = "<group>"; };
		60161BC92F32A652000E0392 /* App.storekit */ = {isa = PBXFileReference; lastKnownFileType = text; path = App.storekit; sourceTree = "<group>"; };
		609858232F327CB900E0B9F1 /* App.entitlements */ = {isa = PBXFileReference; lastKnownFileType = text.plist.entitlements; path = App.entitlements; sourceTree = "<group>"; };
		609858352F32824A00E0B9F1 /* OneSignalNotificationServiceExtension.appex */ = {isa = PBXFileReference; explicitFileType = "wrapper.app-extension"; includeInIndex = 0; path = OneSignalNotificationServiceExtension.appex; sourceTree = BUILT_PRODUCTS_DIR; };
		958DCC722DB07C7200EA8C5F /* debug.xcconfig */ = {isa = PBXFileReference; lastKnownFileType = text.xcconfig; name = debug.xcconfig; path = ../debug.xcconfig; sourceTree = SOURCE_ROOT; };
		AE7862C830F11816ADEE0139 /* Pods-OneSignalNotificationServiceExtension.release.xcconfig */ = {isa = PBXFileReference; includeInIndex = 1; lastKnownFileType = text.xcconfig; name = "Pods-OneSignalNotificationServiceExtension.release.xcconfig"; path = "Target Support Files/Pods-OneSignalNotificationServiceExtension/Pods-OneSignalNotificationServiceExtension.release.xcconfig"; sourceTree = "<group>"; };
		C13E74CACD28A8BABF1254AE /* Pods-App.debug.xcconfig */ = {isa = PBXFileReference; includeInIndex = 1; lastKnownFileType = text.xcconfig; name = "Pods-App.debug.xcconfig"; path = "Target Support Files/Pods-App/Pods-App.debug.xcconfig"; sourceTree = "<group>"; };
		D3C7BF965E5B7B46BF0230AD /* Pods_App.framework */ = {isa = PBXFileReference; explicitFileType = wrapper.framework; includeInIndex = 0; path = Pods_App.framework; sourceTree = BUILT_PRODUCTS_DIR; };
		F65FDD7C9FC3627C2BABBD6F /* Pods-OneSignalNotificationServiceExtension.debug.xcconfig */ = {isa = PBXFileReference; includeInIndex = 1; lastKnownFileType = text.xcconfig; name = "Pods-OneSignalNotificationServiceExtension.debug.xcconfig"; path = "Target Support Files/Pods-OneSignalNotificationServiceExtension/Pods-OneSignalNotificationServiceExtension.debug.xcconfig"; sourceTree = "<group>"; };
/* End PBXFileReference section */

/* Begin PBXFileSystemSynchronizedBuildFileExceptionSet section */
		609858402F32824A00E0B9F1 /* PBXFileSystemSynchronizedBuildFileExceptionSet */ = {
			isa = PBXFileSystemSynchronizedBuildFileExceptionSet;
			membershipExceptions = (
				Info.plist,
			);
			target = 609858342F32824A00E0B9F1 /* OneSignalNotificationServiceExtension */;
		};
/* End PBXFileSystemSynchronizedBuildFileExceptionSet section */

/* Begin PBXFileSystemSynchronizedRootGroup section */
		609858362F32824A00E0B9F1 /* OneSignalNotificationServiceExtension */ = {isa = PBXFileSystemSynchronizedRootGroup; exceptions = (609858402F32824A00E0B9F1 /* PBXFileSystemSynchronizedBuildFileExceptionSet */, ); explicitFileTypes = {}; explicitFolders = (); path = OneSignalNotificationServiceExtension; sourceTree = "<group>"; };
/* End PBXFileSystemSynchronizedRootGroup section */

/* Begin PBXFrameworksBuildPhase section */
		504EC3011FED79650016851F /* Frameworks */ = {
			isa = PBXFrameworksBuildPhase;
			buildActionMask = 2147483647;
			files = (
				751DFBE9AA4963751E6136D1 /* Pods_App.framework in Frameworks */,
			);
			runOnlyForDeploymentPostprocessing = 0;
		};
		609858322F32824A00E0B9F1 /* Frameworks */ = {
			isa = PBXFrameworksBuildPhase;
			buildActionMask = 2147483647;
			files = (
				602528DE2F32944400158548 /* Pods_OneSignalNotificationServiceExtension.framework in Frameworks */,
			);
			runOnlyForDeploymentPostprocessing = 0;
		};
/* End PBXFrameworksBuildPhase section */

/* Begin PBXGroup section */
		315B184C466E13FEE9F791A4 /* Pods */ = {
			isa = PBXGroup;
			children = (
				C13E74CACD28A8BABF1254AE /* Pods-App.debug.xcconfig */,
				5188BED51B517D7AEAB6A305 /* Pods-App.release.xcconfig */,
				F65FDD7C9FC3627C2BABBD6F /* Pods-OneSignalNotificationServiceExtension.debug.xcconfig */,
				AE7862C830F11816ADEE0139 /* Pods-OneSignalNotificationServiceExtension.release.xcconfig */,
			);
			path = Pods;
			sourceTree = "<group>";
		};
		504EC2FB1FED79650016851F = {
			isa = PBXGroup;
			children = (
				958DCC722DB07C7200EA8C5F /* debug.xcconfig */,
				504EC3061FED79650016851F /* App */,
				609858362F32824A00E0B9F1 /* OneSignalNotificationServiceExtension */,
				504EC3051FED79650016851F /* Products */,
				315B184C466E13FEE9F791A4 /* Pods */,
				5D62FB8655FA93F348BBEFCB /* Frameworks */,
			);
			sourceTree = "<group>";
		};
		504EC3051FED79650016851F /* Products */ = {
			isa = PBXGroup;
			children = (
				504EC3041FED79650016851F /* App.app */,
				609858352F32824A00E0B9F1 /* OneSignalNotificationServiceExtension.appex */,
			);
			name = Products;
			sourceTree = "<group>";
		};
		504EC3061FED79650016851F /* App */ = {
			isa = PBXGroup;
			children = (
				60161BC92F32A652000E0392 /* App.storekit */,
				609858232F327CB900E0B9F1 /* App.entitlements */,
				50379B222058CBB4000EE86E /* capacitor.config.json */,
				504EC3071FED79650016851F /* AppDelegate.swift */,
				504EC30B1FED79650016851F /* Main.storyboard */,
				504EC30E1FED79650016851F /* Assets.xcassets */,
				504EC3101FED79650016851F /* LaunchScreen.storyboard */,
				504EC3131FED79650016851F /* Info.plist */,
				2FAD9762203C412B000D30F8 /* config.xml */,
				50B271D01FEDC1A000F3C39B /* public */,
			);
			path = App;
			sourceTree = "<group>";
		};
		5D62FB8655FA93F348BBEFCB /* Frameworks */ = {
			isa = PBXGroup;
			children = (
				D3C7BF965E5B7B46BF0230AD /* Pods_App.framework */,
				0062D744546A8584208B53C0 /* Pods_OneSignalNotificationServiceExtension.framework */,
			);
			name = Frameworks;
			sourceTree = "<group>";
		};
/* End PBXGroup section */

/* Begin PBXNativeTarget section */
		504EC3031FED79650016851F /* App */ = {
			isa = PBXNativeTarget;
			buildConfigurationList = 504EC3161FED79650016851F /* Build configuration list for PBXNativeTarget "App" */;
			buildPhases = (
				1AFED9F67B54AE10F6C033C2 /* [CP] Check Pods Manifest.lock */,
				504EC3001FED79650016851F /* Sources */,
				504EC3011FED79650016851F /* Frameworks */,
				504EC3021FED79650016851F /* Resources */,
				EE13951491A2590E86E407F9 /* [CP] Embed Pods Frameworks */,
				6098583D2F32824A00E0B9F1 /* Embed Foundation Extensions */,
			);
			buildRules = (
			);
			dependencies = (
				6098583B2F32824A00E0B9F1 /* PBXTargetDependency */,
			);
			name = App;
			productName = App;
			productReference = 504EC3041FED79650016851F /* App.app */;
			productType = "com.apple.product-type.application";
		};
		609858342F32824A00E0B9F1 /* OneSignalNotificationServiceExtension */ = {
			isa = PBXNativeTarget;
			buildConfigurationList = 609858412F32824A00E0B9F1 /* Build configuration list for PBXNativeTarget "OneSignalNotificationServiceExtension" */;
			buildPhases = (
				AD01A4CBCB10EA57B1E99EA8 /* [CP] Check Pods Manifest.lock */,
				609858312F32824A00E0B9F1 /* Sources */,
				609858322F32824A00E0B9F1 /* Frameworks */,
				609858332F32824A00E0B9F1 /* Resources */,
				602528E02F32944500158548 /* Embed Frameworks */,
			);
			buildRules = (
			);
			dependencies = (
			);
			fileSystemSynchronizedGroups = (
				609858362F32824A00E0B9F1 /* OneSignalNotificationServiceExtension */,
			);
			name = OneSignalNotificationServiceExtension;
			productName = OneSignalNotificationServiceExtension;
			productReference = 609858352F32824A00E0B9F1 /* OneSignalNotificationServiceExtension.appex */;
			productType = "com.apple.product-type.app-extension";
		};
/* End PBXNativeTarget section */

/* Begin PBXProject section */
		504EC2FC1FED79650016851F /* Project object */ = {
			isa = PBXProject;
			attributes = {
				BuildIndependentTargetsInParallel = YES;
				LastSwiftUpdateCheck = 2620;
				LastUpgradeCheck = 2620;
				TargetAttributes = {
					504EC3031FED79650016851F = {
						CreatedOnToolsVersion = 9.2;
						LastSwiftMigration = 1100;
						ProvisioningStyle = Automatic;
					};
					609858342F32824A00E0B9F1 = {
						CreatedOnToolsVersion = 26.2;
					};
				};
			};
			buildConfigurationList = 504EC2FF1FED79650016851F /* Build configuration list for PBXProject "App" */;
			compatibilityVersion = "Xcode 15.0";
			developmentRegion = en;
			hasScannedForEncodings = 0;
			knownRegions = (
				en,
				Base,
			);
			mainGroup = 504EC2FB1FED79650016851F;
			packageReferences = (
				607012872F325C64006C8BEB /* XCLocalSwiftPackageReference "CapApp-SPM" */,
			);
			productRefGroup = 504EC3051FED79650016851F /* Products */;
			projectDirPath = "";
			projectRoot = "";
			targets = (
				504EC3031FED79650016851F /* App */,
				609858342F32824A00E0B9F1 /* OneSignalNotificationServiceExtension */,
			);
		};
/* End PBXProject section */

/* Begin PBXResourcesBuildPhase section */
		504EC3021FED79650016851F /* Resources */ = {
			isa = PBXResourcesBuildPhase;
			buildActionMask = 2147483647;
			files = (
				504EC3121FED79650016851F /* LaunchScreen.storyboard in Resources */,
				50B271D11FEDC1A000F3C39B /* public in Resources */,
				504EC30F1FED79650016851F /* Assets.xcassets in Resources */,
				50379B232058CBB4000EE86E /* capacitor.config.json in Resources */,
				60161BCA2F32A652000E0392 /* App.storekit in Resources */,
				504EC30D1FED79650016851F /* Main.storyboard in Resources */,
				2FAD9763203C412B000D30F8 /* config.xml in Resources */,
			);
			runOnlyForDeploymentPostprocessing = 0;
		};
		609858332F32824A00E0B9F1 /* Resources */ = {
			isa = PBXResourcesBuildPhase;
			buildActionMask = 2147483647;
			files = (
			);
			runOnlyForDeploymentPostprocessing = 0;
		};
/* End PBXResourcesBuildPhase section */

/* Begin PBXShellScriptBuildPhase section */
		1AFED9F67B54AE10F6C033C2 /* [CP] Check Pods Manifest.lock */ = {
			isa = PBXShellScriptBuildPhase;
			buildActionMask = 2147483647;
			files = (
			);
			inputFileListPaths = (
			);
			inputPaths = (
				"${PODS_PODFILE_DIR_PATH}/Podfile.lock",
				"${PODS_ROOT}/Manifest.lock",
			);
			name = "[CP] Check Pods Manifest.lock";
			outputFileListPaths = (
			);
			outputPaths = (
				"$(DERIVED_FILE_DIR)/Pods-App-checkManifestLockResult.txt",
			);
			runOnlyForDeploymentPostprocessing = 0;
			shellPath = /bin/sh;
			shellScript = "diff \"${PODS_PODFILE_DIR_PATH}/Podfile.lock\" \"${PODS_ROOT}/Manifest.lock\" > /dev/null\nif [ $? != 0 ] ; then\n    # print error to STDERR\n    echo \"error: The sandbox is not in sync with the Podfile.lock. Run 'pod install' or update your CocoaPods installation.\" >&2\n    exit 1\nfi\n# This output is used by Xcode 'outputs' to avoid re-running this script phase.\necho \"SUCCESS\" > \"${SCRIPT_OUTPUT_FILE_0}\"\n";
			showEnvVarsInLog = 0;
		};
		AD01A4CBCB10EA57B1E99EA8 /* [CP] Check Pods Manifest.lock */ = {
			isa = PBXShellScriptBuildPhase;
			buildActionMask = 2147483647;
			files = (
			);
			inputFileListPaths = (
			);
			inputPaths = (
				"${PODS_PODFILE_DIR_PATH}/Podfile.lock",
				"${PODS_ROOT}/Manifest.lock",
			);
			name = "[CP] Check Pods Manifest.lock";
			outputFileListPaths = (
			);
			outputPaths = (
				"$(DERIVED_FILE_DIR)/Pods-OneSignalNotificationServiceExtension-checkManifestLockResult.txt",
			);
			runOnlyForDeploymentPostprocessing = 0;
			shellPath = /bin/sh;
			shellScript = "diff \"${PODS_PODFILE_DIR_PATH}/Podfile.lock\" \"${PODS_ROOT}/Manifest.lock\" > /dev/null\nif [ $? != 0 ] ; then\n    # print error to STDERR\n    echo \"error: The sandbox is not in sync with the Podfile.lock. Run 'pod install' or update your CocoaPods installation.\" >&2\n    exit 1\nfi\n# This output is used by Xcode 'outputs' to avoid re-running this script phase.\necho \"SUCCESS\" > \"${SCRIPT_OUTPUT_FILE_0}\"\n";
			showEnvVarsInLog = 0;
		};
		EE13951491A2590E86E407F9 /* [CP] Embed Pods Frameworks */ = {
			isa = PBXShellScriptBuildPhase;
			buildActionMask = 2147483647;
			files = (
			);
			inputFileListPaths = (
				"${PODS_ROOT}/Target Support Files/Pods-App/Pods-App-frameworks-${CONFIGURATION}-input-files.xcfilelist",
			);
			inputPaths = (
			);
			name = "[CP] Embed Pods Frameworks";
			outputFileListPaths = (
				"${PODS_ROOT}/Target Support Files/Pods-App/Pods-App-frameworks-${CONFIGURATION}-output-files.xcfilelist",
			);
			outputPaths = (
			);
			runOnlyForDeploymentPostprocessing = 0;
			shellPath = /bin/sh;
			shellScript = "\"${PODS_ROOT}/Target Support Files/Pods-App/Pods-App-frameworks.sh\"\n";
			showEnvVarsInLog = 0;
		};
/* End PBXShellScriptBuildPhase section */

/* Begin PBXSourcesBuildPhase section */
		504EC3001FED79650016851F /* Sources */ = {
			isa = PBXSourcesBuildPhase;
			buildActionMask = 2147483647;
			files = (
				504EC3081FED79650016851F /* AppDelegate.swift in Sources */,
			);
			runOnlyForDeploymentPostprocessing = 0;
		};
		609858312F32824A00E0B9F1 /* Sources */ = {
			isa = PBXSourcesBuildPhase;
			buildActionMask = 2147483647;
			files = (
			);
			runOnlyForDeploymentPostprocessing = 0;
		};
/* End PBXSourcesBuildPhase section */

/* Begin PBXTargetDependency section */
		6098583B2F32824A00E0B9F1 /* PBXTargetDependency */ = {
			isa = PBXTargetDependency;
			target = 609858342F32824A00E0B9F1 /* OneSignalNotificationServiceExtension */;
			targetProxy = 6098583A2F32824A00E0B9F1 /* PBXContainerItemProxy */;
		};
/* End PBXTargetDependency section */

/* Begin PBXVariantGroup section */
		504EC30B1FED79650016851F /* Main.storyboard */ = {
			isa = PBXVariantGroup;
			children = (
				504EC30C1FED79650016851F /* Base */,
			);
			name = Main.storyboard;
			sourceTree = "<group>";
		};
		504EC3101FED79650016851F /* LaunchScreen.storyboard */ = {
			isa = PBXVariantGroup;
			children = (
				504EC3111FED79650016851F /* Base */,
			);
			name = LaunchScreen.storyboard;
			sourceTree = "<group>";
		};
/* End PBXVariantGroup section */

/* Begin XCBuildConfiguration section */
		504EC3141FED79650016851F /* Debug */ = {
			isa = XCBuildConfiguration;
			baseConfigurationReference = C13E74CACD28A8BABF1254AE /* Pods-App.debug.xcconfig */;
			buildSettings = {
				ALWAYS_SEARCH_USER_PATHS = NO;
				CLANG_ANALYZER_NONNULL = YES;
				CLANG_ANALYZER_NUMBER_OBJECT_CONVERSION = YES_AGGRESSIVE;
				CLANG_CXX_LANGUAGE_STANDARD = "gnu++14";
				CLANG_CXX_LIBRARY = "libc++";
				CLANG_ENABLE_MODULES = YES;
				CLANG_ENABLE_OBJC_ARC = YES;
				CLANG_WARN_BLOCK_CAPTURE_AUTORELEASING = YES;
				CLANG_WARN_BOOL_CONVERSION = YES;
				CLANG_WARN_COMMA = YES;
				CLANG_WARN_CONSTANT_CONVERSION = YES;
				CLANG_WARN_DEPRECATED_OBJC_IMPLEMENTATIONS = YES;
				CLANG_WARN_DIRECT_OBJC_ISA_USAGE = YES_ERROR;
				CLANG_WARN_DOCUMENTATION_COMMENTS = YES;
				CLANG_WARN_EMPTY_BODY = YES;
				CLANG_WARN_ENUM_CONVERSION = YES;
				CLANG_WARN_INFINITE_RECURSION = YES;
				CLANG_WARN_INT_CONVERSION = YES;
				CLANG_WARN_NON_LITERAL_NULL_CONVERSION = YES;
				CLANG_WARN_OBJC_IMPLICIT_RETAIN_SELF = YES;
				CLANG_WARN_OBJC_LITERAL_CONVERSION = YES;
				CLANG_WARN_OBJC_ROOT_CLASS = YES_ERROR;
				CLANG_WARN_QUOTED_INCLUDE_IN_FRAMEWORK_HEADER = YES;
				CLANG_WARN_RANGE_LOOP_ANALYSIS = YES;
				CLANG_WARN_STRICT_PROTOTYPES = YES;
				CLANG_WARN_SUSPICIOUS_MOVE = YES;
				CLANG_WARN_UNGUARDED_AVAILABILITY = YES_AGGRESSIVE;
				CLANG_WARN_UNREACHABLE_CODE = YES;
				CLANG_WARN__DUPLICATE_METHOD_MATCH = YES;
				CODE_SIGN_IDENTITY = "iPhone Developer";
				COPY_PHASE_STRIP = NO;
				DEBUG_INFORMATION_FORMAT = dwarf;
				DEVELOPMENT_TEAM = 356U79VMH4;
				ENABLE_STRICT_OBJC_MSGSEND = YES;
				ENABLE_TESTABILITY = YES;
				ENABLE_USER_SCRIPT_SANDBOXING = YES;
				GCC_C_LANGUAGE_STANDARD = gnu11;
				GCC_DYNAMIC_NO_PIC = NO;
				GCC_NO_COMMON_BLOCKS = YES;
				GCC_OPTIMIZATION_LEVEL = 0;
				GCC_PREPROCESSOR_DEFINITIONS = (
					"DEBUG=1",
					"$(inherited)",
				);
				GCC_WARN_64_TO_32_BIT_CONVERSION = YES;
				GCC_WARN_ABOUT_RETURN_TYPE = YES_ERROR;
				GCC_WARN_UNDECLARED_SELECTOR = YES;
				GCC_WARN_UNINITIALIZED_AUTOS = YES_AGGRESSIVE;
				GCC_WARN_UNUSED_FUNCTION = YES;
				GCC_WARN_UNUSED_VARIABLE = YES;
				IPHONEOS_DEPLOYMENT_TARGET = 15.0;
				MTL_ENABLE_DEBUG_INFO = YES;
				ONLY_ACTIVE_ARCH = YES;
				SDKROOT = iphoneos;
				STRING_CATALOG_GENERATE_SYMBOLS = YES;
				SWIFT_ACTIVE_COMPILATION_CONDITIONS = DEBUG;
				SWIFT_OPTIMIZATION_LEVEL = "-Onone";
			};
			name = Debug;
		};
		504EC3151FED79650016851F /* Release */ = {
			isa = XCBuildConfiguration;
			baseConfigurationReference = 5188BED51B517D7AEAB6A305 /* Pods-App.release.xcconfig */;
			buildSettings = {
				ALWAYS_SEARCH_USER_PATHS = NO;
				CLANG_ANALYZER_NONNULL = YES;
				CLANG_ANALYZER_NUMBER_OBJECT_CONVERSION = YES_AGGRESSIVE;
				CLANG_CXX_LANGUAGE_STANDARD = "gnu++14";
				CLANG_CXX_LIBRARY = "libc++";
				CLANG_ENABLE_MODULES = YES;
				CLANG_ENABLE_OBJC_ARC = YES;
				CLANG_WARN_BLOCK_CAPTURE_AUTORELEASING = YES;
				CLANG_WARN_BOOL_CONVERSION = YES;
				CLANG_WARN_COMMA = YES;
				CLANG_WARN_CONSTANT_CONVERSION = YES;
				CLANG_WARN_DEPRECATED_OBJC_IMPLEMENTATIONS = YES;
				CLANG_WARN_DIRECT_OBJC_ISA_USAGE = YES_ERROR;
				CLANG_WARN_DOCUMENTATION_COMMENTS = YES;
				CLANG_WARN_EMPTY_BODY = YES;
				CLANG_WARN_ENUM_CONVERSION = YES;
				CLANG_WARN_INFINITE_RECURSION = YES;
				CLANG_WARN_INT_CONVERSION = YES;
				CLANG_WARN_NON_LITERAL_NULL_CONVERSION = YES;
				CLANG_WARN_OBJC_IMPLICIT_RETAIN_SELF = YES;
				CLANG_WARN_OBJC_LITERAL_CONVERSION = YES;
				CLANG_WARN_OBJC_ROOT_CLASS = YES_ERROR;
				CLANG_WARN_QUOTED_INCLUDE_IN_FRAMEWORK_HEADER = YES;
				CLANG_WARN_RANGE_LOOP_ANALYSIS = YES;
				CLANG_WARN_STRICT_PROTOTYPES = YES;
				CLANG_WARN_SUSPICIOUS_MOVE = YES;
				CLANG_WARN_UNGUARDED_AVAILABILITY = YES_AGGRESSIVE;
				CLANG_WARN_UNREACHABLE_CODE = YES;
				CLANG_WARN__DUPLICATE_METHOD_MATCH = YES;
				CODE_SIGN_IDENTITY = "iPhone Developer";
				COPY_PHASE_STRIP = NO;
				DEBUG_INFORMATION_FORMAT = "dwarf-with-dsym";
				DEVELOPMENT_TEAM = 356U79VMH4;
				ENABLE_NS_ASSERTIONS = NO;
				ENABLE_STRICT_OBJC_MSGSEND = YES;
				ENABLE_USER_SCRIPT_SANDBOXING = YES;
				FRAMEWORK_SEARCH_PATHS = "$(inherited)";
				"FRAMEWORK_SEARCH_PATHS[arch=*]" = (
					"$(inherited)",
					"\"${PODS_CONFIGURATION_BUILD_DIR}/Capacitor\"",
					"\"${PODS_CONFIGURATION_BUILD_DIR}/CapacitorCordova\"",
					"\"${PODS_ROOT}/OneSignal/iOS_SDK/OneSignalSDK/OneSignal_Core\"",
					"\"${PODS_ROOT}/OneSignal/iOS_SDK/OneSignalSDK/OneSignal_Extension\"",
					"\"${PODS_ROOT}/OneSignal/iOS_SDK/OneSignalSDK/OneSignal_InAppMessages\"",
					"\"${PODS_ROOT}/OneSignal/iOS_SDK/OneSignalSDK/OneSignal_LiveActivities\"",
					"\"${PODS_ROOT}/OneSignal/iOS_SDK/OneSignalSDK/OneSignal_Location\"",
					"\"${PODS_ROOT}/OneSignal/iOS_SDK/OneSignalSDK/OneSignal_Notifications\"",
					"\"${PODS_ROOT}/OneSignal/iOS_SDK/OneSignalSDK/OneSignal_OSCore\"",
					"\"${PODS_ROOT}/OneSignal/iOS_SDK/OneSignalSDK/OneSignal_Outcomes\"",
					"\"${PODS_ROOT}/OneSignal/iOS_SDK/OneSignalSDK/OneSignal_User\"",
					"\"${PODS_ROOT}/OneSignal/iOS_SDK/OneSignalSDK/OneSignal_XCFramework\"",
					"\"${PODS_XCFRAMEWORKS_BUILD_DIR}/OneSignal/OneSignal\"",
					"\"${PODS_XCFRAMEWORKS_BUILD_DIR}/OneSignal/OneSignalCore\"",
					"\"${PODS_XCFRAMEWORKS_BUILD_DIR}/OneSignal/OneSignalExtension\"",
					"\"${PODS_XCFRAMEWORKS_BUILD_DIR}/OneSignal/OneSignalInAppMessages\"",
					"\"${PODS_XCFRAMEWORKS_BUILD_DIR}/OneSignal/OneSignalLiveActivities\"",
					"\"${PODS_XCFRAMEWORKS_BUILD_DIR}/OneSignal/OneSignalLocation\"",
					"\"${PODS_XCFRAMEWORKS_BUILD_DIR}/OneSignal/OneSignalNotifications\"",
					"\"${PODS_XCFRAMEWORKS_BUILD_DIR}/OneSignal/OneSignalOSCore\"",
					"\"${PODS_XCFRAMEWORKS_BUILD_DIR}/OneSignal/OneSignalOutcomes\"",
					"\"${PODS_XCFRAMEWORKS_BUILD_DIR}/OneSignal/OneSignalUser\"",
				);
				GCC_C_LANGUAGE_STANDARD = gnu11;
				GCC_NO_COMMON_BLOCKS = YES;
				GCC_WARN_64_TO_32_BIT_CONVERSION = YES;
				GCC_WARN_ABOUT_RETURN_TYPE = YES_ERROR;
				GCC_WARN_UNDECLARED_SELECTOR = YES;
				GCC_WARN_UNINITIALIZED_AUTOS = YES_AGGRESSIVE;
				GCC_WARN_UNUSED_FUNCTION = YES;
				GCC_WARN_UNUSED_VARIABLE = YES;
				HEADER_SEARCH_PATHS = "$(inherited)";
				IPHONEOS_DEPLOYMENT_TARGET = 15.0;
				MTL_ENABLE_DEBUG_INFO = NO;
				SDKROOT = iphoneos;
				STRING_CATALOG_GENERATE_SYMBOLS = YES;
				SWIFT_COMPILATION_MODE = wholemodule;
				SWIFT_OPTIMIZATION_LEVEL = "-O";
				VALIDATE_PRODUCT = YES;
			};
			name = Release;
		};
		504EC3171FED79650016851F /* Debug */ = {
			isa = XCBuildConfiguration;
			baseConfigurationReference = C13E74CACD28A8BABF1254AE /* Pods-App.debug.xcconfig */;
			buildSettings = {
				ASSETCATALOG_COMPILER_APPICON_NAME = AppIcon;
				CODE_SIGN_ENTITLEMENTS = App/App.entitlements;
				CODE_SIGN_STYLE = Automatic;
				CURRENT_PROJECT_VERSION = 1;
				ENABLE_USER_SCRIPT_SANDBOXING = NO;
				INFOPLIST_FILE = App/Info.plist;
				IPHONEOS_DEPLOYMENT_TARGET = 15.6;
				LD_RUNPATH_SEARCH_PATHS = (
					"$(inherited)",
					"@executable_path/Frameworks",
				);
				MARKETING_VERSION = 1.0;
				OTHER_SWIFT_FLAGS = "$(inherited) \"-D\" \"COCOAPODS\" \"-DDEBUG\"";
				PRODUCT_BUNDLE_IDENTIFIER = com.coachency.app;
				PRODUCT_NAME = "$(TARGET_NAME)";
				SWIFT_ACTIVE_COMPILATION_CONDITIONS = DEBUG;
				SWIFT_VERSION = 5.0;
				TARGETED_DEVICE_FAMILY = "1,2";
			};
			name = Debug;
		};
		504EC3181FED79650016851F /* Release */ = {
			isa = XCBuildConfiguration;
			baseConfigurationReference = 5188BED51B517D7AEAB6A305 /* Pods-App.release.xcconfig */;
			buildSettings = {
				ASSETCATALOG_COMPILER_APPICON_NAME = AppIcon;
				CODE_SIGN_ENTITLEMENTS = App/App.entitlements;
				CODE_SIGN_STYLE = Automatic;
				CURRENT_PROJECT_VERSION = 1;
				ENABLE_USER_SCRIPT_SANDBOXING = NO;
				INFOPLIST_FILE = App/Info.plist;
				IPHONEOS_DEPLOYMENT_TARGET = 15.6;
				LD_RUNPATH_SEARCH_PATHS = (
					"$(inherited)",
					"@executable_path/Frameworks",
				);
				MARKETING_VERSION = 1.0;
				PRODUCT_BUNDLE_IDENTIFIER = com.coachency.app;
				PRODUCT_NAME = "$(TARGET_NAME)";
				SWIFT_ACTIVE_COMPILATION_CONDITIONS = "";
				SWIFT_VERSION = 5.0;
				TARGETED_DEVICE_FAMILY = "1,2";
			};
			name = Release;
		};
		6098583E2F32824A00E0B9F1 /* Debug */ = {
			isa = XCBuildConfiguration;
			baseConfigurationReference = F65FDD7C9FC3627C2BABBD6F /* Pods-OneSignalNotificationServiceExtension.debug.xcconfig */;
			buildSettings = {
				ASSETCATALOG_COMPILER_GENERATE_SWIFT_ASSET_SYMBOL_EXTENSIONS = YES;
				CLANG_CXX_LANGUAGE_STANDARD = "gnu++20";
				CLANG_ENABLE_OBJC_WEAK = YES;
				CODE_SIGN_ENTITLEMENTS = OneSignalNotificationServiceExtension/OneSignalNotificationServiceExtension.entitlements;
				CODE_SIGN_STYLE = Automatic;
				CURRENT_PROJECT_VERSION = 1;
				GCC_C_LANGUAGE_STANDARD = gnu17;
				GENERATE_INFOPLIST_FILE = YES;
				INFOPLIST_FILE = OneSignalNotificationServiceExtension/Info.plist;
				INFOPLIST_KEY_CFBundleDisplayName = OneSignalNotificationServiceExtension;
				INFOPLIST_KEY_NSHumanReadableCopyright = "";
				IPHONEOS_DEPLOYMENT_TARGET = 15.6;
				LD_RUNPATH_SEARCH_PATHS = (
					"$(inherited)",
					"@executable_path/Frameworks",
					"@executable_path/../../Frameworks",
				);
				LOCALIZATION_PREFERS_STRING_CATALOGS = YES;
				MARKETING_VERSION = 1.0;
				MTL_ENABLE_DEBUG_INFO = INCLUDE_SOURCE;
				MTL_FAST_MATH = YES;
				PRODUCT_BUNDLE_IDENTIFIER = com.coachency.app.OneSignalNotificationServiceExtension;
				PRODUCT_NAME = "$(TARGET_NAME)";
				SKIP_INSTALL = YES;
				STRING_CATALOG_GENERATE_SYMBOLS = YES;
				SWIFT_ACTIVE_COMPILATION_CONDITIONS = "DEBUG $(inherited)";
				SWIFT_APPROACHABLE_CONCURRENCY = YES;
				SWIFT_EMIT_LOC_STRINGS = YES;
				SWIFT_UPCOMING_FEATURE_MEMBER_IMPORT_VISIBILITY = YES;
				SWIFT_VERSION = 5.0;
				TARGETED_DEVICE_FAMILY = "1,2";
			};
			name = Debug;
		};
		6098583F2F32824A00E0B9F1 /* Release */ = {
			isa = XCBuildConfiguration;
			baseConfigurationReference = AE7862C830F11816ADEE0139 /* Pods-OneSignalNotificationServiceExtension.release.xcconfig */;
			buildSettings = {
				ASSETCATALOG_COMPILER_GENERATE_SWIFT_ASSET_SYMBOL_EXTENSIONS = YES;
				CLANG_CXX_LANGUAGE_STANDARD = "gnu++20";
				CLANG_ENABLE_OBJC_WEAK = YES;
				CODE_SIGN_ENTITLEMENTS = OneSignalNotificationServiceExtension/OneSignalNotificationServiceExtension.entitlements;
				CODE_SIGN_STYLE = Automatic;
				CURRENT_PROJECT_VERSION = 1;
				GCC_C_LANGUAGE_STANDARD = gnu17;
				GENERATE_INFOPLIST_FILE = YES;
				INFOPLIST_FILE = OneSignalNotificationServiceExtension/Info.plist;
				INFOPLIST_KEY_CFBundleDisplayName = OneSignalNotificationServiceExtension;
				INFOPLIST_KEY_NSHumanReadableCopyright = "";
				IPHONEOS_DEPLOYMENT_TARGET = 15.6;
				LD_RUNPATH_SEARCH_PATHS = (
					"$(inherited)",
					"@executable_path/Frameworks",
					"@executable_path/../../Frameworks",
				);
				LOCALIZATION_PREFERS_STRING_CATALOGS = YES;
				MARKETING_VERSION = 1.0;
				MTL_FAST_MATH = YES;
				PRODUCT_BUNDLE_IDENTIFIER = com.coachency.app.OneSignalNotificationServiceExtension;
				PRODUCT_NAME = "$(TARGET_NAME)";
				SKIP_INSTALL = YES;
				STRING_CATALOG_GENERATE_SYMBOLS = YES;
				SWIFT_APPROACHABLE_CONCURRENCY = YES;
				SWIFT_EMIT_LOC_STRINGS = YES;
				SWIFT_UPCOMING_FEATURE_MEMBER_IMPORT_VISIBILITY = YES;
				SWIFT_VERSION = 5.0;
				TARGETED_DEVICE_FAMILY = "1,2";
			};
			name = Release;
		};
/* End XCBuildConfiguration section */

/* Begin XCConfigurationList section */
		504EC2FF1FED79650016851F /* Build configuration list for PBXProject "App" */ = {
			isa = XCConfigurationList;
			buildConfigurations = (
				504EC3141FED79650016851F /* Debug */,
				504EC3151FED79650016851F /* Release */,
			);
			defaultConfigurationIsVisible = 0;
			defaultConfigurationName = Release;
		};
		504EC3161FED79650016851F /* Build configuration list for PBXNativeTarget "App" */ = {
			isa = XCConfigurationList;
			buildConfigurations = (
				504EC3171FED79650016851F /* Debug */,
				504EC3181FED79650016851F /* Release */,
			);
			defaultConfigurationIsVisible = 0;
			defaultConfigurationName = Release;
		};
		609858412F32824A00E0B9F1 /* Build configuration list for PBXNativeTarget "OneSignalNotificationServiceExtension" */ = {
			isa = XCConfigurationList;
			buildConfigurations = (
				6098583E2F32824A00E0B9F1 /* Debug */,
				6098583F2F32824A00E0B9F1 /* Release */,
			);
			defaultConfigurationIsVisible = 0;
			defaultConfigurationName = Release;
		};
/* End XCConfigurationList section */

/* Begin XCLocalSwiftPackageReference section */
		607012872F325C64006C8BEB /* XCLocalSwiftPackageReference "CapApp-SPM" */ = {
			isa = XCLocalSwiftPackageReference;
			relativePath = "CapApp-SPM";
		};
/* End XCLocalSwiftPackageReference section */
	};
	rootObject = 504EC2FC1FED79650016851F /* Project object */;
}
