PODS:
  - Capacitor (8.0.2):
    - CapacitorCordova
  - CapacitorCommunityStripeTerminal (8.0.1):
    - Capacitor
    - StripeTerminal (~> 4.7)
  - CapacitorCordova (8.0.2)
  - CapacitorDevice (8.0.0):
    - Capacitor
  - CapacitorSplashScreen (8.0.0):
    - Capacitor
  - OneSignal (5.4.0):
    - OneSignal/OneSignalComplete (= 5.4.0)
  - OneSignal/OneSignal (5.4.0):
    - OneSignal/OneSignalCore
    - OneSignal/OneSignalExtension
    - OneSignal/OneSignalLiveActivities
    - OneSignal/OneSignalNotifications
    - OneSignal/OneSignalOSCore
    - OneSignal/OneSignalOutcomes
    - OneSignal/OneSignalUser
  - OneSignal/OneSignalComplete (5.4.0):
    - OneSignal/OneSignal
    - OneSignal/OneSignalInAppMessages
    - OneSignal/OneSignalLocation
  - OneSignal/OneSignalCore (5.4.0)
  - OneSignal/OneSignalExtension (5.4.0):
    - OneSignal/OneSignalCore
    - OneSignal/OneSignalOutcomes
  - OneSignal/OneSignalInAppMessages (5.4.0):
    - OneSignal/OneSignalCore
    - OneSignal/OneSignalNotifications
    - OneSignal/OneSignalOSCore
    - OneSignal/OneSignalOutcomes
    - OneSignal/OneSignalUser
  - OneSignal/OneSignalLiveActivities (5.4.0):
    - OneSignal/OneSignalCore
    - OneSignal/OneSignalOSCore
    - OneSignal/OneSignalUser
  - OneSignal/OneSignalLocation (5.4.0):
    - OneSignal/OneSignalCore
    - OneSignal/OneSignalNotifications
    - OneSignal/OneSignalOSCore
    - OneSignal/OneSignalUser
  - OneSignal/OneSignalNotifications (5.4.0):
    - OneSignal/OneSignalCore
    - OneSignal/OneSignalExtension
    - OneSignal/OneSignalOutcomes
  - OneSignal/OneSignalOSCore (5.4.0):
    - OneSignal/OneSignalCore
  - OneSignal/OneSignalOutcomes (5.4.0):
    - OneSignal/OneSignalCore
  - OneSignal/OneSignalUser (5.4.0):
    - OneSignal/OneSignalCore
    - OneSignal/OneSignalNotifications
    - OneSignal/OneSignalOSCore
    - OneSignal/OneSignalOutcomes
  - StripeTerminal (4.7.3)

DEPENDENCIES:
  - "Capacitor (from `../../node_modules/@capacitor/ios`)"
  - "CapacitorCommunityStripeTerminal (from `../../node_modules/@capacitor-community/stripe-terminal`)"
  - "CapacitorCordova (from `../../node_modules/@capacitor/ios`)"
  - "CapacitorDevice (from `../../node_modules/@capacitor/device`)"
  - "CapacitorSplashScreen (from `../../node_modules/@capacitor/splash-screen`)"
  - OneSignal (< 6.0, >= 3.0)

SPEC REPOS:
  trunk:
    - OneSignal
    - StripeTerminal

EXTERNAL SOURCES:
  Capacitor:
    :path: "../../node_modules/@capacitor/ios"
  CapacitorCommunityStripeTerminal:
    :path: "../../node_modules/@capacitor-community/stripe-terminal"
  CapacitorCordova:
    :path: "../../node_modules/@capacitor/ios"
  CapacitorDevice:
    :path: "../../node_modules/@capacitor/device"
  CapacitorSplashScreen:
    :path: "../../node_modules/@capacitor/splash-screen"

SPEC CHECKSUMS:
  Capacitor: 2b79172ad27f3be2d103cce88b8eb9803fdcc744
  CapacitorCommunityStripeTerminal: 555919ab4afb7871fe85665f047d9534cca6bebd
  CapacitorCordova: 921bdb690ebe82421b24fce45552fd3dea2ae43a
  CapacitorDevice: 9a16fb36a19ff391bf75afbe3cf16f883b3b3aa0
  CapacitorSplashScreen: 422880d7117605c30699eb4b21644b62db42e86c
  OneSignal: 5f424f6e0dd0e55f28a0ae553851316cf5c6dcfa
  StripeTerminal: b9e92913da8a08ff5c62af75056ad39bf8b02ac6

PODFILE CHECKSUM: 0ed4e6798656d13b764f45c2821403ede096bb0a

COCOAPODS: 1.16.2
